<?xml version="1.0" encoding="utf-8"?>
<Project ToolsVersion="4.0" xmlns="http://schemas.microsoft.com/developer/msbuild/2003">
  <ItemGroup>
    <Filter Include="Source Files">
      <UniqueIdentifier>{4FC737F1-C7A5-4376-A066-2A32D752A2FF}</UniqueIdentifier>
      <Extensions>cpp;c;cc;cxx;c++;def;odl;idl;hpj;bat;asm;asmx</Extensions>
    </Filter>
    <Filter Include="Header Files">
      <UniqueIdentifier>{93995380-89BD-4b04-88EB-625FBE52EBFB}</UniqueIdentifier>
      <Extensions>h;hh;hpp;hxx;h++;hm;inl;inc;ipp;xsd</Extensions>
    </Filter>
    <Filter Include="Resource Files">
      <UniqueIdentifier>{67DA6AB6-F800-4c08-8B7A-83BB121AAD01}</UniqueIdentifier>
      <Extensions>rc;ico;cur;bmp;dlg;rc2;rct;bin;rgs;gif;jpg;jpeg;jpe;resx;tiff;tif;png;wav;mfcribbon-ms</Extensions>
    </Filter>
    <Filter Include="Header Files\Core">
      <UniqueIdentifier>{c78e1d09-13c5-4e3b-b127-c43db33a2528}</UniqueIdentifier>
    </Filter>
    <Filter Include="Header Files\Simon">
      <UniqueIdentifier>{cc30118a-98ec-4d26-900d-a221ba8df9ce}</UniqueIdentifier>
    </Filter>
    <Filter Include="Header Files\HUD">
      <UniqueIdentifier>{d959c2c2-4859-4068-be3d-7b9d1a6c77d3}</UniqueIdentifier>
    </Filter>
    <Filter Include="Header Files\Input">
      <UniqueIdentifier>{b3c2357b-d9e5-454f-b0c3-f1ac71015927}</UniqueIdentifier>
    </Filter>
    <Filter Include="Header Files\Enemy">
      <UniqueIdentifier>{59263a81-873a-46fb-9bd8-d86f506ef59e}</UniqueIdentifier>
    </Filter>
    <Filter Include="Header Files\Item">
      <UniqueIdentifier>{c11a07d2-4a2d-4809-aa64-c006b332d978}</UniqueIdentifier>
    </Filter>
    <Filter Include="Header Files\Object_static">
      <UniqueIdentifier>{221ddd01-902c-42d6-bdf3-a6774693c32b}</UniqueIdentifier>
    </Filter>
    <Filter Include="Header Files\Scene">
      <UniqueIdentifier>{01d290b4-9780-4d75-9722-d05fef115c87}</UniqueIdentifier>
    </Filter>
    <Filter Include="Source Files\Core">
      <UniqueIdentifier>{f38abb17-4861-4901-a004-aaebb6fbb035}</UniqueIdentifier>
    </Filter>
    <Filter Include="Source Files\HUD">
      <UniqueIdentifier>{81f31bd6-c0e6-4d1e-8ef4-8e0820403f87}</UniqueIdentifier>
    </Filter>
    <Filter Include="Source Files\Input">
      <UniqueIdentifier>{5e7fb63c-0aba-48c2-a083-ddfe6bd44108}</UniqueIdentifier>
    </Filter>
    <Filter Include="Source Files\Enemy">
      <UniqueIdentifier>{0123e0bd-2af8-4811-aae7-48bf012b2707}</UniqueIdentifier>
    </Filter>
    <Filter Include="Source Files\Item">
      <UniqueIdentifier>{329dd38d-29a6-4bb6-bb96-0c57fbe19086}</UniqueIdentifier>
    </Filter>
    <Filter Include="Source Files\Object_static">
      <UniqueIdentifier>{7f4791e7-51a7-4317-8b92-4d1ffa61f6a0}</UniqueIdentifier>
    </Filter>
    <Filter Include="Source Files\Simon">
      <UniqueIdentifier>{54b411ff-a3cc-4f6b-bf9f-2a30efa6defa}</UniqueIdentifier>
    </Filter>
  </ItemGroup>
  <ItemGroup>
    <ClCompile Include="Game.cpp">
      <Filter>Source Files\Core</Filter>
    </ClCompile>
    <ClCompile Include="Input.cpp">
      <Filter>Source Files\Input</Filter>
    </ClCompile>
    <ClCompile Include="GameObject.cpp">
      <Filter>Source Files\Core</Filter>
    </ClCompile>
    <ClCompile Include="Animation.cpp">
      <Filter>Source Files\Core</Filter>
    </ClCompile>
    <ClCompile Include="Sprite.cpp">
      <Filter>Source Files\Core</Filter>
    </ClCompile>
    <ClCompile Include="Texture.cpp">
      <Filter>Source Files\Core</Filter>
    </ClCompile>
    <ClCompile Include="Simon.cpp">
      <Filter>Source Files\Simon</Filter>
    </ClCompile>
    <ClCompile Include="Ground.cpp">
      <Filter>Source Files\Object_static</Filter>
    </ClCompile>
    <ClCompile Include="Candle.cpp">
      <Filter>Source Files\Object_static</Filter>
    </ClCompile>
    <ClCompile Include="main.cpp">
      <Filter>Source Files\Core</Filter>
    </ClCompile>
    <ClCompile Include="SceneManager.cpp">
      <Filter>Source Files\Core</Filter>
    </ClCompile>
    <ClCompile Include="Utils.cpp">
      <Filter>Source Files\Core</Filter>
    </ClCompile>
    <ClCompile Include="Whip.cpp">
      <Filter>Source Files\Simon</Filter>
    </ClCompile>
    <ClCompile Include="TileMap.cpp">
      <Filter>Source Files\Core</Filter>
    </ClCompile>
    <ClCompile Include="Item.cpp">
      <Filter>Source Files\Object_static</Filter>
    </ClCompile>
    <ClCompile Include="SubWeapon.cpp">
      <Filter>Source Files\Simon</Filter>
    </ClCompile>
    <ClCompile Include="HUD.cpp">
      <Filter>Source Files\HUD</Filter>
    </ClCompile>
    <ClCompile Include="ChangeScene.cpp">
      <Filter>Source Files\Object_static</Filter>
    </ClCompile>
    <ClCompile Include="Stair.cpp">
      <Filter>Source Files\Object_static</Filter>
    </ClCompile>
    <ClCompile Include="Black_Knight.cpp">
      <Filter>Source Files\Enemy</Filter>
    </ClCompile>
    <ClCompile Include="Bat.cpp">
      <Filter>Source Files\Enemy</Filter>
    </ClCompile>
    <ClCompile Include="Platform.cpp">
      <Filter>Source Files\Item</Filter>
    </ClCompile>
    <ClCompile Include="Grid.cpp">
      <Filter>Source Files\Core</Filter>
    </ClCompile>
    <ClCompile Include="Ghost.cpp">
      <Filter>Source Files\Enemy</Filter>
    </ClCompile>
    <ClCompile Include="HunchBack.cpp">
      <Filter>Source Files\Enemy</Filter>
    </ClCompile>
  </ItemGroup>
  <ItemGroup>
    <ClInclude Include="Game.h">
      <Filter>Header Files\Core</Filter>
    </ClInclude>
    <ClInclude Include="Input.h">
      <Filter>Header Files\Input</Filter>
    </ClInclude>
    <ClInclude Include="KeyEventHandler.h">
      <Filter>Header Files\Input</Filter>
    </ClInclude>
    <ClInclude Include="Utils.h">
      <Filter>Header Files\Core</Filter>
    </ClInclude>
    <ClInclude Include="GameObject.h">
      <Filter>Header Files\Core</Filter>
    </ClInclude>
    <ClInclude Include="resource.h">
      <Filter>Header Files</Filter>
    </ClInclude>
    <ClInclude Include="Animation.h">
      <Filter>Header Files\Core</Filter>
    </ClInclude>
    <ClInclude Include="Sprite.h">
      <Filter>Header Files\Core</Filter>
    </ClInclude>
    <ClInclude Include="Simon.h">
      <Filter>Header Files\Simon</Filter>
    </ClInclude>
    <ClInclude Include="Whip.h">
      <Filter>Header Files\Simon</Filter>
    </ClInclude>
    <ClInclude Include="Ground.h">
      <Filter>Header Files\Object_static</Filter>
    </ClInclude>
    <ClInclude Include="SceneManager.h">
      <Filter>Header Files\Core</Filter>
    </ClInclude>
    <ClInclude Include="Candle.h">
      <Filter>Header Files\Object_static</Filter>
    </ClInclude>
    <ClInclude Include="TileMap.h">
      <Filter>Header Files\Core</Filter>
    </ClInclude>
    <ClInclude Include="Texture.h">
      <Filter>Header Files\Core</Filter>
    </ClInclude>
    <ClInclude Include="Item.h">
      <Filter>Header Files\Object_static</Filter>
    </ClInclude>
    <ClInclude Include="SubWeapon.h">
      <Filter>Header Files\Simon</Filter>
    </ClInclude>
    <ClInclude Include="HUD.h">
      <Filter>Header Files\HUD</Filter>
    </ClInclude>
    <ClInclude Include="ChangeScene.h">
      <Filter>Header Files\Object_static</Filter>
    </ClInclude>
    <ClInclude Include="Stair.h">
      <Filter>Header Files\Object_static</Filter>
    </ClInclude>
    <ClInclude Include="Black_Knight.h">
      <Filter>Header Files\Enemy</Filter>
    </ClInclude>
    <ClInclude Include="Bat.h">
      <Filter>Header Files\Enemy</Filter>
    </ClInclude>
    <ClInclude Include="Platform.h">
      <Filter>Header Files\Item</Filter>
    </ClInclude>
    <ClInclude Include="Grid.h">
      <Filter>Header Files\Core</Filter>
    </ClInclude>
    <ClInclude Include="Ghost.h">
      <Filter>Header Files\Enemy</Filter>
    </ClInclude>
    <ClInclude Include="HunchBack.h">
      <Filter>Header Files\Enemy</Filter>
    </ClInclude>
  </ItemGroup>
  <ItemGroup>
    <ResourceCompile Include="Castlevania.rc">
      <Filter>Resource Files</Filter>
    </ResourceCompile>
  </ItemGroup>
</Project>